
Microsoft Visual Studio Solution File, Format Version 12.00
# Visual Studio Version 16
VisualStudioVersion = 16.0.28803.202
MinimumVisualStudioVersion = 10.0.40219.1
Project("{8BC9CEB8-8B4A-11D0-8D11-00A0C91BC942}") = "ProducerConsumer", "ProducerConsumer.vcxproj", "{3296FA2F-47A8-4C50-A830-530A9C59929D}"
EndProject
Global
	GlobalSection(SolutionConfigurationPlatforms) = preSolution
		Debug|x64 = Debug|x64
		Release|x64 = Release|x64
	EndGlobalSection
	GlobalSection(ProjectConfigurationPlatforms) = postSolution
		{3296FA2F-47A8-4C50-A830-530A9C59929D}.Debug|x64.ActiveCfg = Debug|x64
		{3296FA2F-47A8-4C50-A830-530A9C59929D}.Debug|x64.Build.0 = Debug|x64
		{3296FA2F-47A8-4C50-A830-530A9C59929D}.Release|x64.ActiveCfg = Release|x64
		{3296FA2F-47A8-4C50-A830-530A9C59929D}.Release|x64.Build.0 = Release|x64
	EndGlobalSection
	GlobalSection(SolutionProperties) = preSolution
		HideSolutionNode = FALSE
	EndGlobalSection
	GlobalSection(ExtensibilityGlobals) = postSolution
		SolutionGuid = {3F896FE8-0CE4-4584-A1C1-C7B3CD3DB482}
	EndGlobalSection
EndGlobal
